
Microsoft Visual Studio Solution File, Format Version 12.00
# Visual Studio Version 17
VisualStudioVersion = 17.9.34622.214
MinimumVisualStudioVersion = 10.0.40219.1
Project("{FAE04EC0-301F-11D3-BF4B-00C04F79EFBC}") = "Web_API", "Web_API\Web_API.csproj", "{92885E0C-5B3D-4EBC-BD4F-EFB6EFA8919F}"
EndProject
Global
	GlobalSection(SolutionConfigurationPlatforms) = preSolution
		Debug|Any CPU = Debug|Any CPU
		Release|Any CPU = Release|Any CPU
	EndGlobalSection
	GlobalSection(ProjectConfigurationPlatforms) = postSolution
		{92885E0C-5B3D-4EBC-BD4F-EFB6EFA8919F}.Debug|Any CPU.ActiveCfg = Debug|Any CPU
		{92885E0C-5B3D-4EBC-BD4F-EFB6EFA8919F}.Debug|Any CPU.Build.0 = Debug|Any CPU
		{92885E0C-5B3D-4EBC-BD4F-EFB6EFA8919F}.Release|Any CPU.ActiveCfg = Release|Any CPU
		{92885E0C-5B3D-4EBC-BD4F-EFB6EFA8919F}.Release|Any CPU.Build.0 = Release|Any CPU
	EndGlobalSection
	GlobalSection(SolutionProperties) = preSolution
		HideSolutionNode = FALSE
	EndGlobalSection
	GlobalSection(ExtensibilityGlobals) = postSolution
		SolutionGuid = {E4B6C423-DF4E-4232-AC69-B96EE0F8A4AB}
	EndGlobalSection
EndGlobal
